
Microsoft Visual Studio Solution File, Format Version 12.00
# Visual Studio Version 16
Project("{2150E333-8FDC-42A3-9474-1A3956D46DE8}") = "CMakePredefinedTargets", "CMakePredefinedTargets", "{FAB12BE2-ADD3-3441-9AB9-05C22B2117FC}"
EndProject
Project("{2150E333-8FDC-42A3-9474-1A3956D46DE8}") = "GLFW3", "GLFW3", "{D3C4EA48-4394-351C-8131-4D40098495DA}"
EndProject
Project("{8BC9CEB8-8B4A-11D0-8D11-00A0C91BC942}") = "ALL_BUILD", "ALL_BUILD.vcxproj", "{9AEB73B9-0912-3C63-B4A5-3D12F26DF3AA}"
	ProjectSection(ProjectDependencies) = postProject
		{BADD8CDE-ADAB-36A7-A92D-18FFB4D7645F} = {BADD8CDE-ADAB-36A7-A92D-18FFB4D7645F}
		{7D370E40-F9D8-349B-B32C-BDFB0018FC9F} = {7D370E40-F9D8-349B-B32C-BDFB0018FC9F}
	EndProjectSection
EndProject
Project("{8BC9CEB8-8B4A-11D0-8D11-00A0C91BC942}") = "INSTALL", "INSTALL.vcxproj", "{8DB07881-12B3-3FB0-9126-6AD3D8A86FA0}"
	ProjectSection(ProjectDependencies) = postProject
		{9AEB73B9-0912-3C63-B4A5-3D12F26DF3AA} = {9AEB73B9-0912-3C63-B4A5-3D12F26DF3AA}
		{BADD8CDE-ADAB-36A7-A92D-18FFB4D7645F} = {BADD8CDE-ADAB-36A7-A92D-18FFB4D7645F}
	EndProjectSection
EndProject
Project("{8BC9CEB8-8B4A-11D0-8D11-00A0C91BC942}") = "ZERO_CHECK", "ZERO_CHECK.vcxproj", "{BADD8CDE-ADAB-36A7-A92D-18FFB4D7645F}"
	ProjectSection(ProjectDependencies) = postProject
	EndProjectSection
EndProject
Project("{8BC9CEB8-8B4A-11D0-8D11-00A0C91BC942}") = "gdt", "common\gdt\gdt.vcxproj", "{8621A58E-EDF0-3749-A4CE-1FF51529CA65}"
	ProjectSection(ProjectDependencies) = postProject
		{BADD8CDE-ADAB-36A7-A92D-18FFB4D7645F} = {BADD8CDE-ADAB-36A7-A92D-18FFB4D7645F}
	EndProjectSection
EndProject
Project("{8BC9CEB8-8B4A-11D0-8D11-00A0C91BC942}") = "glfWindow", "common\glfWindow\glfWindow.vcxproj", "{36C018FC-1878-3DED-98D9-FC0DAF280EFF}"
	ProjectSection(ProjectDependencies) = postProject
		{BADD8CDE-ADAB-36A7-A92D-18FFB4D7645F} = {BADD8CDE-ADAB-36A7-A92D-18FFB4D7645F}
	EndProjectSection
EndProject
Project("{8BC9CEB8-8B4A-11D0-8D11-00A0C91BC942}") = "glfw", "common\3rdParty\glfw\src\glfw.vcxproj", "{265DFE80-78C3-3322-A31B-DD19438CB5AE}"
	ProjectSection(ProjectDependencies) = postProject
		{BADD8CDE-ADAB-36A7-A92D-18FFB4D7645F} = {BADD8CDE-ADAB-36A7-A92D-18FFB4D7645F}
	EndProjectSection
EndProject
Project("{8BC9CEB8-8B4A-11D0-8D11-00A0C91BC942}") = "src", "src\src.vcxproj", "{7D370E40-F9D8-349B-B32C-BDFB0018FC9F}"
	ProjectSection(ProjectDependencies) = postProject
		{BADD8CDE-ADAB-36A7-A92D-18FFB4D7645F} = {BADD8CDE-ADAB-36A7-A92D-18FFB4D7645F}
		{8621A58E-EDF0-3749-A4CE-1FF51529CA65} = {8621A58E-EDF0-3749-A4CE-1FF51529CA65}
		{36C018FC-1878-3DED-98D9-FC0DAF280EFF} = {36C018FC-1878-3DED-98D9-FC0DAF280EFF}
		{265DFE80-78C3-3322-A31B-DD19438CB5AE} = {265DFE80-78C3-3322-A31B-DD19438CB5AE}
	EndProjectSection
EndProject
Global
	GlobalSection(SolutionConfigurationPlatforms) = preSolution
		Debug|x64 = Debug|x64
		Release|x64 = Release|x64
	EndGlobalSection
	GlobalSection(ProjectConfigurationPlatforms) = postSolution
		{9AEB73B9-0912-3C63-B4A5-3D12F26DF3AA}.Debug|x64.ActiveCfg = Debug|x64
		{9AEB73B9-0912-3C63-B4A5-3D12F26DF3AA}.Debug|x64.Build.0 = Debug|x64
		{9AEB73B9-0912-3C63-B4A5-3D12F26DF3AA}.Release|x64.ActiveCfg = Release|x64
		{9AEB73B9-0912-3C63-B4A5-3D12F26DF3AA}.Release|x64.Build.0 = Release|x64
		{8DB07881-12B3-3FB0-9126-6AD3D8A86FA0}.Debug|x64.ActiveCfg = Debug|x64
		{8DB07881-12B3-3FB0-9126-6AD3D8A86FA0}.Release|x64.ActiveCfg = Release|x64
		{BADD8CDE-ADAB-36A7-A92D-18FFB4D7645F}.Debug|x64.ActiveCfg = Debug|x64
		{BADD8CDE-ADAB-36A7-A92D-18FFB4D7645F}.Debug|x64.Build.0 = Debug|x64
		{BADD8CDE-ADAB-36A7-A92D-18FFB4D7645F}.Release|x64.ActiveCfg = Release|x64
		{BADD8CDE-ADAB-36A7-A92D-18FFB4D7645F}.Release|x64.Build.0 = Release|x64
		{8621A58E-EDF0-3749-A4CE-1FF51529CA65}.Debug|x64.ActiveCfg = Debug|x64
		{8621A58E-EDF0-3749-A4CE-1FF51529CA65}.Debug|x64.Build.0 = Debug|x64
		{8621A58E-EDF0-3749-A4CE-1FF51529CA65}.Release|x64.ActiveCfg = Release|x64
		{8621A58E-EDF0-3749-A4CE-1FF51529CA65}.Release|x64.Build.0 = Release|x64
		{36C018FC-1878-3DED-98D9-FC0DAF280EFF}.Debug|x64.ActiveCfg = Debug|x64
		{36C018FC-1878-3DED-98D9-FC0DAF280EFF}.Debug|x64.Build.0 = Debug|x64
		{36C018FC-1878-3DED-98D9-FC0DAF280EFF}.Release|x64.ActiveCfg = Release|x64
		{36C018FC-1878-3DED-98D9-FC0DAF280EFF}.Release|x64.Build.0 = Release|x64
		{265DFE80-78C3-3322-A31B-DD19438CB5AE}.Debug|x64.ActiveCfg = Debug|x64
		{265DFE80-78C3-3322-A31B-DD19438CB5AE}.Debug|x64.Build.0 = Debug|x64
		{265DFE80-78C3-3322-A31B-DD19438CB5AE}.Release|x64.ActiveCfg = Release|x64
		{265DFE80-78C3-3322-A31B-DD19438CB5AE}.Release|x64.Build.0 = Release|x64
		{7D370E40-F9D8-349B-B32C-BDFB0018FC9F}.Debug|x64.ActiveCfg = Debug|x64
		{7D370E40-F9D8-349B-B32C-BDFB0018FC9F}.Debug|x64.Build.0 = Debug|x64
		{7D370E40-F9D8-349B-B32C-BDFB0018FC9F}.Release|x64.ActiveCfg = Release|x64
		{7D370E40-F9D8-349B-B32C-BDFB0018FC9F}.Release|x64.Build.0 = Release|x64
	EndGlobalSection
	GlobalSection(NestedProjects) = preSolution
		{9AEB73B9-0912-3C63-B4A5-3D12F26DF3AA} = {FAB12BE2-ADD3-3441-9AB9-05C22B2117FC}
		{8DB07881-12B3-3FB0-9126-6AD3D8A86FA0} = {FAB12BE2-ADD3-3441-9AB9-05C22B2117FC}
		{BADD8CDE-ADAB-36A7-A92D-18FFB4D7645F} = {FAB12BE2-ADD3-3441-9AB9-05C22B2117FC}
		{265DFE80-78C3-3322-A31B-DD19438CB5AE} = {D3C4EA48-4394-351C-8131-4D40098495DA}
	EndGlobalSection
	GlobalSection(ExtensibilityGlobals) = postSolution
		SolutionGuid = {5FB7B60A-F023-3692-B3CC-0278CBAA738C}
	EndGlobalSection
	GlobalSection(ExtensibilityAddIns) = postSolution
	EndGlobalSection
EndGlobal
