
Microsoft Visual Studio Solution File, Format Version 12.00
# Visual Studio Version 16
Project("{2150E333-8FDC-42A3-9474-1A3956D46DE8}") = "CMakePredefinedTargets", "CMakePredefinedTargets", "{FAB12BE2-ADD3-3441-9AB9-05C22B2117FC}"
EndProject
Project("{8BC9CEB8-8B4A-11D0-8D11-00A0C91BC942}") = "ALL_BUILD", "ALL_BUILD.vcxproj", "{9AEB73B9-0912-3C63-B4A5-3D12F26DF3AA}"
	ProjectSection(ProjectDependencies) = postProject
		{BADD8CDE-ADAB-36A7-A92D-18FFB4D7645F} = {BADD8CDE-ADAB-36A7-A92D-18FFB4D7645F}
		{8621A58E-EDF0-3749-A4CE-1FF51529CA65} = {8621A58E-EDF0-3749-A4CE-1FF51529CA65}
	EndProjectSection
EndProject
Project("{8BC9CEB8-8B4A-11D0-8D11-00A0C91BC942}") = "INSTALL", "INSTALL.vcxproj", "{8DB07881-12B3-3FB0-9126-6AD3D8A86FA0}"
	ProjectSection(ProjectDependencies) = postProject
		{9AEB73B9-0912-3C63-B4A5-3D12F26DF3AA} = {9AEB73B9-0912-3C63-B4A5-3D12F26DF3AA}
		{BADD8CDE-ADAB-36A7-A92D-18FFB4D7645F} = {BADD8CDE-ADAB-36A7-A92D-18FFB4D7645F}
	EndProjectSection
EndProject
Project("{8BC9CEB8-8B4A-11D0-8D11-00A0C91BC942}") = "ZERO_CHECK", "..\..\\ZERO_CHECK.vcxproj", "{BADD8CDE-ADAB-36A7-A92D-18FFB4D7645F}"
	ProjectSection(ProjectDependencies) = postProject
	EndProjectSection
EndProject
Project("{8BC9CEB8-8B4A-11D0-8D11-00A0C91BC942}") = "gdt", "gdt.vcxproj", "{8621A58E-EDF0-3749-A4CE-1FF51529CA65}"
	ProjectSection(ProjectDependencies) = postProject
		{BADD8CDE-ADAB-36A7-A92D-18FFB4D7645F} = {BADD8CDE-ADAB-36A7-A92D-18FFB4D7645F}
	EndProjectSection
EndProject
Global
	GlobalSection(SolutionConfigurationPlatforms) = preSolution
		Debug|x64 = Debug|x64
		Release|x64 = Release|x64
	EndGlobalSection
	GlobalSection(ProjectConfigurationPlatforms) = postSolution
		{9AEB73B9-0912-3C63-B4A5-3D12F26DF3AA}.Debug|x64.ActiveCfg = Debug|x64
		{9AEB73B9-0912-3C63-B4A5-3D12F26DF3AA}.Debug|x64.Build.0 = Debug|x64
		{9AEB73B9-0912-3C63-B4A5-3D12F26DF3AA}.Release|x64.ActiveCfg = Release|x64
		{9AEB73B9-0912-3C63-B4A5-3D12F26DF3AA}.Release|x64.Build.0 = Release|x64
		{8DB07881-12B3-3FB0-9126-6AD3D8A86FA0}.Debug|x64.ActiveCfg = Debug|x64
		{8DB07881-12B3-3FB0-9126-6AD3D8A86FA0}.Release|x64.ActiveCfg = Release|x64
		{BADD8CDE-ADAB-36A7-A92D-18FFB4D7645F}.Debug|x64.ActiveCfg = Debug|x64
		{BADD8CDE-ADAB-36A7-A92D-18FFB4D7645F}.Debug|x64.Build.0 = Debug|x64
		{BADD8CDE-ADAB-36A7-A92D-18FFB4D7645F}.Release|x64.ActiveCfg = Release|x64
		{BADD8CDE-ADAB-36A7-A92D-18FFB4D7645F}.Release|x64.Build.0 = Release|x64
		{8621A58E-EDF0-3749-A4CE-1FF51529CA65}.Debug|x64.ActiveCfg = Debug|x64
		{8621A58E-EDF0-3749-A4CE-1FF51529CA65}.Debug|x64.Build.0 = Debug|x64
		{8621A58E-EDF0-3749-A4CE-1FF51529CA65}.Release|x64.ActiveCfg = Release|x64
		{8621A58E-EDF0-3749-A4CE-1FF51529CA65}.Release|x64.Build.0 = Release|x64
	EndGlobalSection
	GlobalSection(NestedProjects) = preSolution
		{9AEB73B9-0912-3C63-B4A5-3D12F26DF3AA} = {FAB12BE2-ADD3-3441-9AB9-05C22B2117FC}
		{8DB07881-12B3-3FB0-9126-6AD3D8A86FA0} = {FAB12BE2-ADD3-3441-9AB9-05C22B2117FC}
		{BADD8CDE-ADAB-36A7-A92D-18FFB4D7645F} = {FAB12BE2-ADD3-3441-9AB9-05C22B2117FC}
	EndGlobalSection
	GlobalSection(ExtensibilityGlobals) = postSolution
		SolutionGuid = {48C8B228-5EAE-38E2-9AC3-7340F2BA6FDE}
	EndGlobalSection
	GlobalSection(ExtensibilityAddIns) = postSolution
	EndGlobalSection
EndGlobal
