<?xml version="1.0" encoding="utf-8"?>
<Project ToolsVersion="16.0" xmlns="http://schemas.microsoft.com/developer/msbuild/2003">
  <ItemGroup>
    <ClCompile Include="D:\Andres\Facultad\Computación Gráfica Avanzada\Primer Obligatorio\lab1\src\cuda_compile_ptx_1_generated_devicePrograms.cu.ptx_embedded.c">
      <Filter>Source Files</Filter>
    </ClCompile>
    <ClCompile Include="D:\Andres\Facultad\Computación Gráfica Avanzada\Primer Obligatorio\lab1\src\SampleRenderer.cpp">
      <Filter>Source Files</Filter>
    </ClCompile>
    <ClCompile Include="D:\Andres\Facultad\Computación Gráfica Avanzada\Primer Obligatorio\lab1\src\main.cpp">
      <Filter>Source Files</Filter>
    </ClCompile>
  </ItemGroup>
  <ItemGroup>
    <ClInclude Include="D:\Andres\Facultad\Computación Gráfica Avanzada\Primer Obligatorio\lab1\src\optix7.h">
      <Filter>Header Files</Filter>
    </ClInclude>
    <ClInclude Include="D:\Andres\Facultad\Computación Gráfica Avanzada\Primer Obligatorio\lab1\src\CUDABuffer.h">
      <Filter>Header Files</Filter>
    </ClInclude>
    <ClInclude Include="D:\Andres\Facultad\Computación Gráfica Avanzada\Primer Obligatorio\lab1\src\SampleRenderer.h">
      <Filter>Header Files</Filter>
    </ClInclude>
  </ItemGroup>
  <ItemGroup>
    <CustomBuild Include="D:\Andres\Facultad\Computación Gráfica Avanzada\Primer Obligatorio\lab1\src\devicePrograms.cu">
      <Filter>Source Files</Filter>
    </CustomBuild>
    <CustomBuild Include="D:\Andres\Facultad\Computación Gráfica Avanzada\Primer Obligatorio\lab1\CMakeFiles\02e04ccab37f203e3ea0bc4fa140ab69\cuda_compile_ptx_1_generated_devicePrograms.cu.ptx_embedded.c.rule">
      <Filter>CMake Rules</Filter>
    </CustomBuild>
    <CustomBuild Include="D:\Andres\Facultad\Computación Gráfica Avanzada\Primer Obligatorio\lab1\src\CMakeLists.txt" />
  </ItemGroup>
  <ItemGroup>
    <Filter Include="CMake Rules">
      <UniqueIdentifier>{B97085DF-0E94-311A-AC87-58E6DA99572B}</UniqueIdentifier>
    </Filter>
    <Filter Include="Header Files">
      <UniqueIdentifier>{8A0E2CFB-A9C5-3620-899E-6FF50B203E5B}</UniqueIdentifier>
    </Filter>
    <Filter Include="Source Files">
      <UniqueIdentifier>{250EEE00-97DA-32F2-B5BF-9811327549C4}</UniqueIdentifier>
    </Filter>
  </ItemGroup>
</Project>
